
Microsoft Visual Studio Solution File, Format Version 12.00
# Visual Studio 14
VisualStudioVersion = 14.0.23107.0
MinimumVisualStudioVersion = 10.0.40219.1
Project("{FAE04EC0-301F-11D3-BF4B-00C04F79EFBC}") = "HRMBLL", "HRMBLL\HRMBLL.csproj", "{9252A15B-E218-4291-BEAB-2C5BE3793911}"
EndProject
Project("{FAE04EC0-301F-11D3-BF4B-00C04F79EFBC}") = "HRMDAO", "HRMDAO\HRMDAO.csproj", "{1F259897-882F-4CD5-9786-197928506258}"
EndProject
Project("{FAE04EC0-301F-11D3-BF4B-00C04F79EFBC}") = "HRMEFentity", "HRMEFentity\HRMEFentity.csproj", "{6F6AEAC5-0395-46D1-AD29-4815E987DE1E}"
EndProject
Project("{FAE04EC0-301F-11D3-BF4B-00C04F79EFBC}") = "HRMIOC", "HRMIOC\HRMIOC.csproj", "{98664997-3700-490C-8DFB-6C84BF6B4130}"
EndProject
Project("{FAE04EC0-301F-11D3-BF4B-00C04F79EFBC}") = "HRMModel", "HRMModel\HRMModel.csproj", "{E7F4306D-2B67-4812-A5CB-ABD108D67892}"
EndProject
Project("{FAE04EC0-301F-11D3-BF4B-00C04F79EFBC}") = "HRMUtility", "HRMUtility\HRMUtility.csproj", "{43E1FDEE-5135-46E1-A867-A429BEECE96E}"
EndProject
Project("{FAE04EC0-301F-11D3-BF4B-00C04F79EFBC}") = "IHRMBLL", "IHRMBLL\IHRMBLL.csproj", "{6B85A201-58C5-4284-B0F0-96A9EB8A211D}"
EndProject
Project("{FAE04EC0-301F-11D3-BF4B-00C04F79EFBC}") = "IHRMDAO", "IHRMDAO\IHRMDAO.csproj", "{46C7B48D-C1AE-46E1-BD36-7E45B7FF36DD}"
EndProject
Project("{FAE04EC0-301F-11D3-BF4B-00C04F79EFBC}") = "HRMUI", "HRMUI\HRMUI.csproj", "{4276F5FA-E0C5-4C91-9074-2E668EDD7AB2}"
EndProject
Global
	GlobalSection(SolutionConfigurationPlatforms) = preSolution
		Debug|Any CPU = Debug|Any CPU
		Release|Any CPU = Release|Any CPU
	EndGlobalSection
	GlobalSection(ProjectConfigurationPlatforms) = postSolution
		{9252A15B-E218-4291-BEAB-2C5BE3793911}.Debug|Any CPU.ActiveCfg = Debug|Any CPU
		{9252A15B-E218-4291-BEAB-2C5BE3793911}.Debug|Any CPU.Build.0 = Debug|Any CPU
		{9252A15B-E218-4291-BEAB-2C5BE3793911}.Release|Any CPU.ActiveCfg = Release|Any CPU
		{9252A15B-E218-4291-BEAB-2C5BE3793911}.Release|Any CPU.Build.0 = Release|Any CPU
		{1F259897-882F-4CD5-9786-197928506258}.Debug|Any CPU.ActiveCfg = Debug|Any CPU
		{1F259897-882F-4CD5-9786-197928506258}.Debug|Any CPU.Build.0 = Debug|Any CPU
		{1F259897-882F-4CD5-9786-197928506258}.Release|Any CPU.ActiveCfg = Release|Any CPU
		{1F259897-882F-4CD5-9786-197928506258}.Release|Any CPU.Build.0 = Release|Any CPU
		{6F6AEAC5-0395-46D1-AD29-4815E987DE1E}.Debug|Any CPU.ActiveCfg = Debug|Any CPU
		{6F6AEAC5-0395-46D1-AD29-4815E987DE1E}.Debug|Any CPU.Build.0 = Debug|Any CPU
		{6F6AEAC5-0395-46D1-AD29-4815E987DE1E}.Release|Any CPU.ActiveCfg = Release|Any CPU
		{6F6AEAC5-0395-46D1-AD29-4815E987DE1E}.Release|Any CPU.Build.0 = Release|Any CPU
		{98664997-3700-490C-8DFB-6C84BF6B4130}.Debug|Any CPU.ActiveCfg = Debug|Any CPU
		{98664997-3700-490C-8DFB-6C84BF6B4130}.Debug|Any CPU.Build.0 = Debug|Any CPU
		{98664997-3700-490C-8DFB-6C84BF6B4130}.Release|Any CPU.ActiveCfg = Release|Any CPU
		{98664997-3700-490C-8DFB-6C84BF6B4130}.Release|Any CPU.Build.0 = Release|Any CPU
		{E7F4306D-2B67-4812-A5CB-ABD108D67892}.Debug|Any CPU.ActiveCfg = Debug|Any CPU
		{E7F4306D-2B67-4812-A5CB-ABD108D67892}.Debug|Any CPU.Build.0 = Debug|Any CPU
		{E7F4306D-2B67-4812-A5CB-ABD108D67892}.Release|Any CPU.ActiveCfg = Release|Any CPU
		{E7F4306D-2B67-4812-A5CB-ABD108D67892}.Release|Any CPU.Build.0 = Release|Any CPU
		{43E1FDEE-5135-46E1-A867-A429BEECE96E}.Debug|Any CPU.ActiveCfg = Debug|Any CPU
		{43E1FDEE-5135-46E1-A867-A429BEECE96E}.Debug|Any CPU.Build.0 = Debug|Any CPU
		{43E1FDEE-5135-46E1-A867-A429BEECE96E}.Release|Any CPU.ActiveCfg = Release|Any CPU
		{43E1FDEE-5135-46E1-A867-A429BEECE96E}.Release|Any CPU.Build.0 = Release|Any CPU
		{6B85A201-58C5-4284-B0F0-96A9EB8A211D}.Debug|Any CPU.ActiveCfg = Debug|Any CPU
		{6B85A201-58C5-4284-B0F0-96A9EB8A211D}.Debug|Any CPU.Build.0 = Debug|Any CPU
		{6B85A201-58C5-4284-B0F0-96A9EB8A211D}.Release|Any CPU.ActiveCfg = Release|Any CPU
		{6B85A201-58C5-4284-B0F0-96A9EB8A211D}.Release|Any CPU.Build.0 = Release|Any CPU
		{46C7B48D-C1AE-46E1-BD36-7E45B7FF36DD}.Debug|Any CPU.ActiveCfg = Debug|Any CPU
		{46C7B48D-C1AE-46E1-BD36-7E45B7FF36DD}.Debug|Any CPU.Build.0 = Debug|Any CPU
		{46C7B48D-C1AE-46E1-BD36-7E45B7FF36DD}.Release|Any CPU.ActiveCfg = Release|Any CPU
		{46C7B48D-C1AE-46E1-BD36-7E45B7FF36DD}.Release|Any CPU.Build.0 = Release|Any CPU
		{4276F5FA-E0C5-4C91-9074-2E668EDD7AB2}.Debug|Any CPU.ActiveCfg = Debug|Any CPU
		{4276F5FA-E0C5-4C91-9074-2E668EDD7AB2}.Debug|Any CPU.Build.0 = Debug|Any CPU
		{4276F5FA-E0C5-4C91-9074-2E668EDD7AB2}.Release|Any CPU.ActiveCfg = Release|Any CPU
		{4276F5FA-E0C5-4C91-9074-2E668EDD7AB2}.Release|Any CPU.Build.0 = Release|Any CPU
	EndGlobalSection
	GlobalSection(SolutionProperties) = preSolution
		HideSolutionNode = FALSE
	EndGlobalSection
EndGlobal
